// !$*UTF8*$!
{
	archiveVersion = 1;
	classes = {
	};
	objectVersion = 46;
	objects = {

/* Begin PBXBuildFile section */
		87E2F6761CF825B000951209 /* AppDelegate.swift in Sources */ = {isa = PBXBuildFile; fileRef = 87E2F6751CF825B000951209 /* AppDelegate.swift */; };
		87E2F6781CF825B000951209 /* ViewController.swift in Sources */ = {isa = PBXBuildFile; fileRef = 87E2F6771CF825B000951209 /* ViewController.swift */; };
		87E2F67B1CF825B000951209 /* Main.storyboard in Resources */ = {isa = PBXBuildFile; fileRef = 87E2F6791CF825B000951209 /* Main.storyboard */; };
		87E2F67D1CF825B000951209 /* Assets.xcassets in Resources */ = {isa = PBXBuildFile; fileRef = 87E2F67C1CF825B000951209 /* Assets.xcassets */; };
		87E2F6801CF825B000951209 /* LaunchScreen.storyboard in Resources */ = {isa = PBXBuildFile; fileRef = 87E2F67E1CF825B000951209 /* LaunchScreen.storyboard */; };
		87E2F6881CF8269C00951209 /* GoogleService-Info.plist in Resources */ = {isa = PBXBuildFile; fileRef = 87E2F6871CF8269C00951209 /* GoogleService-Info.plist */; };
/* End PBXBuildFile section */

/* Begin PBXFileReference section */
		87E2F6721CF825B000951209 /* FireBasePushNotification.app */ = {isa = PBXFileReference; explicitFileType = wrapper.application; includeInIndex = 0; path = FireBasePushNotification.app; sourceTree = BUILT_PRODUCTS_DIR; };
		87E2F6751CF825B000951209 /* AppDelegate.swift */ = {isa = PBXFileReference; lastKnownFileType = sourcecode.swift; path = AppDelegate.swift; sourceTree = "<group>"; };
		87E2F6771CF825B000951209 /* ViewController.swift */ = {isa = PBXFileReference; lastKnownFileType = sourcecode.swift; path = ViewController.swift; sourceTree = "<group>"; };
		87E2F67A1CF825B000951209 /* Base */ = {isa = PBXFileReference; lastKnownFileType = file.storyboard; name = Base; path = Base.lproj/Main.storyboard; sourceTree = "<group>"; };
		87E2F67C1CF825B000951209 /* Assets.xcassets */ = {isa = PBXFileReference; lastKnownFileType = folder.assetcatalog; path = Assets.xcassets; sourceTree = "<group>"; };
		87E2F67F1CF825B000951209 /* Base */ = {isa = PBXFileReference; lastKnownFileType = file.storyboard; name = Base; path = Base.lproj/LaunchScreen.storyboard; sourceTree = "<group>"; };
		87E2F6811CF825B000951209 /* Info.plist */ = {isa = PBXFileReference; lastKnownFileType = text.plist.xml; path = Info.plist; sourceTree = "<group>"; };
		87E2F6871CF8269C00951209 /* GoogleService-Info.plist */ = {isa = PBXFileReference; fileEncoding = 4; lastKnownFileType = text.plist.xml; path = "GoogleService-Info.plist"; sourceTree = "<group>"; };
/* End PBXFileReference section */

/* Begin PBXFrameworksBuildPhase section */
		87E2F66F1CF825B000951209 /* Frameworks */ = {
			isa = PBXFrameworksBuildPhase;
			buildActionMask = 2147483647;
			files = (
			);
			runOnlyForDeploymentPostprocessing = 0;
		};
/* End PBXFrameworksBuildPhase section */

/* Begin PBXGroup section */
		87E2F6691CF825B000951209 = {
			isa = PBXGroup;
			children = (
				87E2F6741CF825B000951209 /* FireBasePushNotification */,
				87E2F6731CF825B000951209 /* Products */,
			);
			sourceTree = "<group>";
		};
		87E2F6731CF825B000951209 /* Products */ = {
			isa = PBXGroup;
			children = (
				87E2F6721CF825B000951209 /* FireBasePushNotification.app */,
			);
			name = Products;
			sourceTree = "<group>";
		};
		87E2F6741CF825B000951209 /* FireBasePushNotification */ = {
			isa = PBXGroup;
			children = (
				87E2F6871CF8269C00951209 /* GoogleService-Info.plist */,
				87E2F6751CF825B000951209 /* AppDelegate.swift */,
				87E2F6771CF825B000951209 /* ViewController.swift */,
				87E2F6791CF825B000951209 /* Main.storyboard */,
				87E2F67C1CF825B000951209 /* Assets.xcassets */,
				87E2F67E1CF825B000951209 /* LaunchScreen.storyboard */,
				87E2F6811CF825B000951209 /* Info.plist */,
			);
			path = FireBasePushNotification;
			sourceTree = "<group>";
		};
/* End PBXGroup section */

/* Begin PBXNativeTarget section */
		87E2F6711CF825B000951209 /* FireBasePushNotification */ = {
			isa = PBXNativeTarget;
			buildConfigurationList = 87E2F6841CF825B000951209 /* Build configuration list for PBXNativeTarget "FireBasePushNotification" */;
			buildPhases = (
				87E2F66E1CF825B000951209 /* Sources */,
				87E2F66F1CF825B000951209 /* Frameworks */,
				87E2F6701CF825B000951209 /* Resources */,
			);
			buildRules = (
			);
			dependencies = (
			);
			name = FireBasePushNotification;
			productName = FireBasePushNotification;
			productReference = 87E2F6721CF825B000951209 /* FireBasePushNotification.app */;
			productType = "com.apple.product-type.application";
		};
/* End PBXNativeTarget section */

/* Begin PBXProject section */
		87E2F66A1CF825B000951209 /* Project object */ = {
			isa = PBXProject;
			attributes = {
				LastSwiftUpdateCheck = 0730;
				LastUpgradeCheck = 0730;
				ORGANIZATIONNAME = "Huynh Tri Dung";
				TargetAttributes = {
					87E2F6711CF825B000951209 = {
						CreatedOnToolsVersion = 7.3.1;
					};
				};
			};
			buildConfigurationList = 87E2F66D1CF825B000951209 /* Build configuration list for PBXProject "FireBasePushNotification" */;
			compatibilityVersion = "Xcode 3.2";
			developmentRegion = English;
			hasScannedForEncodings = 0;
			knownRegions = (
				en,
				Base,
			);
			mainGroup = 87E2F6691CF825B000951209;
			productRefGroup = 87E2F6731CF825B000951209 /* Products */;
			projectDirPath = "";
			projectRoot = "";
			targets = (
				87E2F6711CF825B000951209 /* FireBasePushNotification */,
			);
		};
/* End PBXProject section */

/* Begin PBXResourcesBuildPhase section */
		87E2F6701CF825B000951209 /* Resources */ = {
			isa = PBXResourcesBuildPhase;
			buildActionMask = 2147483647;
			files = (
				87E2F6801CF825B000951209 /* LaunchScreen.storyboard in Resources */,
				87E2F6881CF8269C00951209 /* GoogleService-Info.plist in Resources */,
				87E2F67D1CF825B000951209 /* Assets.xcassets in Resources */,
				87E2F67B1CF825B000951209 /* Main.storyboard in Resources */,
			);
			runOnlyForDeploymentPostprocessing = 0;
		};
/* End PBXResourcesBuildPhase section */

/* Begin PBXSourcesBuildPhase section */
		87E2F66E1CF825B000951209 /* Sources */ = {
			isa = PBXSourcesBuildPhase;
			buildActionMask = 2147483647;
			files = (
				87E2F6781CF825B000951209 /* ViewController.swift in Sources */,
				87E2F6761CF825B000951209 /* AppDelegate.swift in Sources */,
			);
			runOnlyForDeploymentPostprocessing = 0;
		};
/* End PBXSourcesBuildPhase section */

/* Begin PBXVariantGroup section */
		87E2F6791CF825B000951209 /* Main.storyboard */ = {
			isa = PBXVariantGroup;
			children = (
				87E2F67A1CF825B000951209 /* Base */,
			);
			name = Main.storyboard;
			sourceTree = "<group>";
		};
		87E2F67E1CF825B000951209 /* LaunchScreen.storyboard */ = {
			isa = PBXVariantGroup;
			children = (
				87E2F67F1CF825B000951209 /* Base */,
			);
			name = LaunchScreen.storyboard;
			sourceTree = "<group>";
		};
/* End PBXVariantGroup section */

/* Begin XCBuildConfiguration section */
		87E2F6821CF825B000951209 /* Debug */ = {
			isa = XCBuildConfiguration;
			buildSettings = {
				ALWAYS_SEARCH_USER_PATHS = NO;
				CLANG_ANALYZER_NONNULL = YES;
				CLANG_CXX_LANGUAGE_STANDARD = "gnu++0x";
				CLANG_CXX_LIBRARY = "libc++";
				CLANG_ENABLE_MODULES = YES;
				CLANG_ENABLE_OBJC_ARC = YES;
				CLANG_WARN_BOOL_CONVERSION = YES;
				CLANG_WARN_CONSTANT_CONVERSION = YES;
				CLANG_WARN_DIRECT_OBJC_ISA_USAGE = YES_ERROR;
				CLANG_WARN_EMPTY_BODY = YES;
				CLANG_WARN_ENUM_CONVERSION = YES;
				CLANG_WARN_INT_CONVERSION = YES;
				CLANG_WARN_OBJC_ROOT_CLASS = YES_ERROR;
				CLANG_WARN_UNREACHABLE_CODE = YES;
				CLANG_WARN__DUPLICATE_METHOD_MATCH = YES;
				"CODE_SIGN_IDENTITY[sdk=iphoneos*]" = "iPhone Developer";
				COPY_PHASE_STRIP = NO;
				DEBUG_INFORMATION_FORMAT = dwarf;
				ENABLE_STRICT_OBJC_MSGSEND = YES;
				ENABLE_TESTABILITY = YES;
				GCC_C_LANGUAGE_STANDARD = gnu99;
				GCC_DYNAMIC_NO_PIC = NO;
				GCC_NO_COMMON_BLOCKS = YES;
				GCC_OPTIMIZATION_LEVEL = 0;
				GCC_PREPROCESSOR_DEFINITIONS = (
					"DEBUG=1",
					"$(inherited)",
				);
				GCC_WARN_64_TO_32_BIT_CONVERSION = YES;
				GCC_WARN_ABOUT_RETURN_TYPE = YES_ERROR;
				GCC_WARN_UNDECLARED_SELECTOR = YES;
				GCC_WARN_UNINITIALIZED_AUTOS = YES_AGGRESSIVE;
				GCC_WARN_UNUSED_FUNCTION = YES;
				GCC_WARN_UNUSED_VARIABLE = YES;
				IPHONEOS_DEPLOYMENT_TARGET = 9.3;
				MTL_ENABLE_DEBUG_INFO = YES;
				ONLY_ACTIVE_ARCH = YES;
				SDKROOT = iphoneos;
				SWIFT_OPTIMIZATION_LEVEL = "-Onone";
			};
			name = Debug;
		};
		87E2F6831CF825B000951209 /* Release */ = {
			isa = XCBuildConfiguration;
			buildSettings = {
				ALWAYS_SEARCH_USER_PATHS = NO;
				CLANG_ANALYZER_NONNULL = YES;
				CLANG_CXX_LANGUAGE_STANDARD = "gnu++0x";
				CLANG_CXX_LIBRARY = "libc++";
				CLANG_ENABLE_MODULES = YES;
				CLANG_ENABLE_OBJC_ARC = YES;
				CLANG_WARN_BOOL_CONVERSION = YES;
				CLANG_WARN_CONSTANT_CONVERSION = YES;
				CLANG_WARN_DIRECT_OBJC_ISA_USAGE = YES_ERROR;
				CLANG_WARN_EMPTY_BODY = YES;
				CLANG_WARN_ENUM_CONVERSION = YES;
				CLANG_WARN_INT_CONVERSION = YES;
				CLANG_WARN_OBJC_ROOT_CLASS = YES_ERROR;
				CLANG_WARN_UNREACHABLE_CODE = YES;
				CLANG_WARN__DUPLICATE_METHOD_MATCH = YES;
				"CODE_SIGN_IDENTITY[sdk=iphoneos*]" = "iPhone Developer";
				COPY_PHASE_STRIP = NO;
				DEBUG_INFORMATION_FORMAT = "dwarf-with-dsym";
				ENABLE_NS_ASSERTIONS = NO;
				ENABLE_STRICT_OBJC_MSGSEND = YES;
				GCC_C_LANGUAGE_STANDARD = gnu99;
				GCC_NO_COMMON_BLOCKS = YES;
				GCC_WARN_64_TO_32_BIT_CONVERSION = YES;
				GCC_WARN_ABOUT_RETURN_TYPE = YES_ERROR;
				GCC_WARN_UNDECLARED_SELECTOR = YES;
				GCC_WARN_UNINITIALIZED_AUTOS = YES_AGGRESSIVE;
				GCC_WARN_UNUSED_FUNCTION = YES;
				GCC_WARN_UNUSED_VARIABLE = YES;
				IPHONEOS_DEPLOYMENT_TARGET = 9.3;
				MTL_ENABLE_DEBUG_INFO = NO;
				SDKROOT = iphoneos;
				VALIDATE_PRODUCT = YES;
			};
			name = Release;
		};
		87E2F6851CF825B000951209 /* Debug */ = {
			isa = XCBuildConfiguration;
			buildSettings = {
				ASSETCATALOG_COMPILER_APPICON_NAME = AppIcon;
				INFOPLIST_FILE = FireBasePushNotification/Info.plist;
				LD_RUNPATH_SEARCH_PATHS = "$(inherited) @executable_path/Frameworks";
				PRODUCT_BUNDLE_IDENTIFIER = com.htd.FireBasePushNotification;
				PRODUCT_NAME = "$(TARGET_NAME)";
			};
			name = Debug;
		};
		87E2F6861CF825B000951209 /* Release */ = {
			isa = XCBuildConfiguration;
			buildSettings = {
				ASSETCATALOG_COMPILER_APPICON_NAME = AppIcon;
				INFOPLIST_FILE = FireBasePushNotification/Info.plist;
				LD_RUNPATH_SEARCH_PATHS = "$(inherited) @executable_path/Frameworks";
				PRODUCT_BUNDLE_IDENTIFIER = com.htd.FireBasePushNotification;
				PRODUCT_NAME = "$(TARGET_NAME)";
			};
			name = Release;
		};
/* End XCBuildConfiguration section */

/* Begin XCConfigurationList section */
		87E2F66D1CF825B000951209 /* Build configuration list for PBXProject "FireBasePushNotification" */ = {
			isa = XCConfigurationList;
			buildConfigurations = (
				87E2F6821CF825B000951209 /* Debug */,
				87E2F6831CF825B000951209 /* Release */,
			);
			defaultConfigurationIsVisible = 0;
			defaultConfigurationName = Release;
		};
		87E2F6841CF825B000951209 /* Build configuration list for PBXNativeTarget "FireBasePushNotification" */ = {
			isa = XCConfigurationList;
			buildConfigurations = (
				87E2F6851CF825B000951209 /* Debug */,
				87E2F6861CF825B000951209 /* Release */,
			);
			defaultConfigurationIsVisible = 0;
		};
/* End XCConfigurationList section */
	};
	rootObject = 87E2F66A1CF825B000951209 /* Project object */;
}
